# THIS IS AN AUTOGENERATED FILE. DO NOT EDIT THIS FILE DIRECTLY.
# yarn lockfile v1


"@contentful/rich-text-types@^16.0.2":
  version "16.1.0"
  resolved "https://registry.yarnpkg.com/@contentful/rich-text-types/-/rich-text-types-16.1.0.tgz#2eea32439790abf857992167df68e82734934a3a"
  integrity sha512-Pucb68FK0j9cHJ96FAewXv+bvH4XizC4KBbVqyHhPLkDIVfasj0AWU5rI1lnvysdVKu66NQkFe8xZdeFTkaLWQ==

axios@^0.26.1:
  version "0.26.1"
  resolved "https://registry.yarnpkg.com/axios/-/axios-0.26.1.tgz#1ede41c51fcf51bbbd6fd43669caaa4f0495aaa9"
  integrity sha512-fPwcX4EvnSHuInCMItEhAGnaSEXRBjtzh9fOtsE6E1G6p7vl7edEeZe11QHf18+6+9gR5PbKV/sGKNaD8YaMeA==
  dependencies:
    follow-redirects "^1.14.8"

call-bind@^1.0.0:
  version "1.0.2"
  resolved "https://registry.yarnpkg.com/call-bind/-/call-bind-1.0.2.tgz#b1d4e89e688119c3c9a903ad30abb2f6a919be3c"
  integrity sha512-7O+FbCihrB5WGbFYesctwmTKae6rOiIzmz1icreWJ+0aA7LJfuqhEso2T9ncpcFtzMQtzXf2QGGueWJGTYsqrA==
  dependencies:
    function-bind "^1.1.1"
    get-intrinsic "^1.0.2"

contentful-resolve-response@^1.3.6:
  version "1.6.5"
  resolved "https://registry.yarnpkg.com/contentful-resolve-response/-/contentful-resolve-response-1.6.5.tgz#856eb29049e1f48293b1df2c5e6fbaa450bffce7"
  integrity sha512-3uH6tI8rmBnDDtzyD4fZg3aecuYYCMe0q24/sdgQELvsza+OAiqrxzyiXJIAs7c5exIp5bbLwMtZLW/33OGvxg==
  dependencies:
    fast-copy "^2.1.7"

contentful-sdk-core@^7.0.2:
  version "7.0.6"
  resolved "https://registry.yarnpkg.com/contentful-sdk-core/-/contentful-sdk-core-7.0.6.tgz#bd6be54f166b5cddf7a5132f8087b22d8bb8d477"
  integrity sha512-xG4+a4p7VGCuxxUWh8t3O3V6gEcPP/aSE/KkvPRMYkm8PbxWYTAYG3c5pn5lmtj1QKcsY7yjiLWRXtP4qzem3Q==
  dependencies:
    fast-copy "^2.1.7"
    lodash.isplainobject "^4.0.6"
    lodash.isstring "^4.0.1"
    p-throttle "^4.1.1"
    qs "^6.9.4"

contentful@^10.1.6:
  version "10.1.6"
  resolved "https://registry.yarnpkg.com/contentful/-/contentful-10.1.6.tgz#079b8fe4d9014aaed3c9eddf5619486980a10c3e"
  integrity sha512-cBPCGgWbLgkJjJvULoXuMqwiJKzLZbh/KnAGA9WBKgPTumIqWtseraQ8vTGfCHFP3xdP+t5pDvigaaAQ00rXKQ==
  dependencies:
    "@contentful/rich-text-types" "^16.0.2"
    axios "^0.26.1"
    contentful-resolve-response "^1.3.6"
    contentful-sdk-core "^7.0.2"
    json-stringify-safe "^5.0.1"
    type-fest "^3.1.0"

fast-copy@^2.1.7:
  version "2.1.7"
  resolved "https://registry.yarnpkg.com/fast-copy/-/fast-copy-2.1.7.tgz#affc9475cb4b555fb488572b2a44231d0c9fa39e"
  integrity sha512-ozrGwyuCTAy7YgFCua8rmqmytECYk/JYAMXcswOcm0qvGoE3tPb7ivBeIHTOK2DiapBhDZgacIhzhQIKU5TCfA==

follow-redirects@^1.14.8:
  version "1.15.2"
  resolved "https://registry.yarnpkg.com/follow-redirects/-/follow-redirects-1.15.2.tgz#b460864144ba63f2681096f274c4e57026da2c13"
  integrity sha512-VQLG33o04KaQ8uYi2tVNbdrWp1QWxNNea+nmIB4EVM28v0hmP17z7aG1+wAkNzVq4KeXTq3221ye5qTJP91JwA==

function-bind@^1.1.1:
  version "1.1.1"
  resolved "https://registry.yarnpkg.com/function-bind/-/function-bind-1.1.1.tgz#a56899d3ea3c9bab874bb9773b7c5ede92f4895d"
  integrity sha512-yIovAzMX49sF8Yl58fSCWJ5svSLuaibPxXQJFLmBObTuCr0Mf1KiPopGM9NiFjiYBCbfaa2Fh6breQ6ANVTI0A==

get-intrinsic@^1.0.2:
  version "1.2.0"
  resolved "https://registry.yarnpkg.com/get-intrinsic/-/get-intrinsic-1.2.0.tgz#7ad1dc0535f3a2904bba075772763e5051f6d05f"
  integrity sha512-L049y6nFOuom5wGyRc3/gdTLO94dySVKRACj1RmJZBQXlbTMhtNIgkWkUHq+jYmZvKf14EW1EoJnnjbmoHij0Q==
  dependencies:
    function-bind "^1.1.1"
    has "^1.0.3"
    has-symbols "^1.0.3"

has-symbols@^1.0.3:
  version "1.0.3"
  resolved "https://registry.yarnpkg.com/has-symbols/-/has-symbols-1.0.3.tgz#bb7b2c4349251dce87b125f7bdf874aa7c8b39f8"
  integrity sha512-l3LCuF6MgDNwTDKkdYGEihYjt5pRPbEg46rtlmnSPlUbgmB8LOIrKJbYYFBSbnPaJexMKtiPO8hmeRjRz2Td+A==

has@^1.0.3:
  version "1.0.3"
  resolved "https://registry.yarnpkg.com/has/-/has-1.0.3.tgz#722d7cbfc1f6aa8241f16dd814e011e1f41e8796"
  integrity sha512-f2dvO0VU6Oej7RkWJGrehjbzMAjFp5/VKPp5tTpWIV4JHHZK1/BxbFRtf/siA2SWTe09caDmVtYYzWEIbBS4zw==
  dependencies:
    function-bind "^1.1.1"

husky@^8.0.1:
  version "8.0.3"
  resolved "https://registry.yarnpkg.com/husky/-/husky-8.0.3.tgz#4936d7212e46d1dea28fef29bb3a108872cd9184"
  integrity sha512-+dQSyqPh4x1hlO1swXBiNb2HzTDN1I2IGLQx1GrBuiqFJfoMrnZWwVmatvSiO+Iz8fBUnf+lekwNo4c2LlXItg==

json-stringify-safe@^5.0.1:
  version "5.0.1"
  resolved "https://registry.yarnpkg.com/json-stringify-safe/-/json-stringify-safe-5.0.1.tgz#1296a2d58fd45f19a0f6ce01d65701e2c735b6eb"
  integrity sha512-ZClg6AaYvamvYEE82d3Iyd3vSSIjQ+odgjaTzRuO3s7toCdFKczob2i0zCh7JE8kWn17yvAWhUVxvqGwUalsRA==

lodash.isplainobject@^4.0.6:
  version "4.0.6"
  resolved "https://registry.yarnpkg.com/lodash.isplainobject/-/lodash.isplainobject-4.0.6.tgz#7c526a52d89b45c45cc690b88163be0497f550cb"
  integrity sha512-oSXzaWypCMHkPC3NvBEaPHf0KsA5mvPrOPgQWDsbg8n7orZ290M0BmC/jgRZ4vcJ6DTAhjrsSYgdsW/F+MFOBA==

lodash.isstring@^4.0.1:
  version "4.0.1"
  resolved "https://registry.yarnpkg.com/lodash.isstring/-/lodash.isstring-4.0.1.tgz#d527dfb5456eca7cc9bb95d5daeaf88ba54a5451"
  integrity sha512-0wJxfxH1wgO3GrbuP+dTTk7op+6L41QCXbGINEmD+ny/G/eCqGzxyCsh7159S+mgDDcoarnBw6PC1PS5+wUGgw==

object-inspect@^1.9.0:
  version "1.12.3"
  resolved "https://registry.yarnpkg.com/object-inspect/-/object-inspect-1.12.3.tgz#ba62dffd67ee256c8c086dfae69e016cd1f198b9"
  integrity sha512-geUvdk7c+eizMNUDkRpW1wJwgfOiOeHbxBR/hLXK1aT6zmVSO0jsQcs7fj6MGw89jC/cjGfLcNOrtMYtGqm81g==

p-throttle@^4.1.1:
  version "4.1.1"
  resolved "https://registry.yarnpkg.com/p-throttle/-/p-throttle-4.1.1.tgz#80b1fbd358af40a8bfa1667f9dc8b72b714ad692"
  integrity sha512-TuU8Ato+pRTPJoDzYD4s7ocJYcNSEZRvlxoq3hcPI2kZDZ49IQ1Wkj7/gDJc3X7XiEAAvRGtDzdXJI0tC3IL1g==

prettier@^2.7.1:
  version "2.8.8"
  resolved "https://registry.yarnpkg.com/prettier/-/prettier-2.8.8.tgz#e8c5d7e98a4305ffe3de2e1fc4aca1a71c28b1da"
  integrity sha512-tdN8qQGvNjw4CHbY+XXk0JgCXn9QiF21a55rBe5LJAU+kDyC4WQn4+awm2Xfk2lQMk5fKup9XgzTZtGkjBdP9Q==

qs@^6.9.4:
  version "6.11.1"
  resolved "https://registry.yarnpkg.com/qs/-/qs-6.11.1.tgz#6c29dff97f0c0060765911ba65cbc9764186109f"
  integrity sha512-0wsrzgTz/kAVIeuxSjnpGC56rzYtr6JT/2BwEvMaPhFIoYa1aGO8LbzuU1R0uUYQkLpWBTOj0l/CLAJB64J6nQ==
  dependencies:
    side-channel "^1.0.4"

side-channel@^1.0.4:
  version "1.0.4"
  resolved "https://registry.yarnpkg.com/side-channel/-/side-channel-1.0.4.tgz#efce5c8fdc104ee751b25c58d4290011fa5ea2cf"
  integrity sha512-q5XPytqFEIKHkGdiMIrY10mvLRvnQh42/+GoBlFW3b2LXLE2xxJpZFdm94we0BaoV3RwJyGqg5wS7epxTv0Zvw==
  dependencies:
    call-bind "^1.0.0"
    get-intrinsic "^1.0.2"
    object-inspect "^1.9.0"

turbo-darwin-64@1.9.3:
  version "1.9.3"
  resolved "https://registry.yarnpkg.com/turbo-darwin-64/-/turbo-darwin-64-1.9.3.tgz#29470b902a1418dae8a88b2620caf917b27480bc"
  integrity sha512-0dFc2cWXl82kRE4Z+QqPHhbEFEpUZho1msHXHWbz5+PqLxn8FY0lEVOHkq5tgKNNEd5KnGyj33gC/bHhpZOk5g==

turbo-darwin-arm64@1.9.3:
  version "1.9.3"
  resolved "https://registry.yarnpkg.com/turbo-darwin-arm64/-/turbo-darwin-arm64-1.9.3.tgz#0eb404d6101ba69eab8522b16260a4eb50885e6c"
  integrity sha512-1cYbjqLBA2zYE1nbf/qVnEkrHa4PkJJbLo7hnuMuGM0bPzh4+AnTNe98gELhqI1mkTWBu/XAEeF5u6dgz0jLNA==

turbo-linux-64@1.9.3:
  version "1.9.3"
  resolved "https://registry.yarnpkg.com/turbo-linux-64/-/turbo-linux-64-1.9.3.tgz#dbce8fd50edee1319f17800ee38e7c4749ab0cb0"
  integrity sha512-UuBPFefawEwpuxh5pM9Jqq3q4C8M0vYxVYlB3qea/nHQ80pxYq7ZcaLGEpb10SGnr3oMUUs1zZvkXWDNKCJb8Q==

turbo-linux-arm64@1.9.3:
  version "1.9.3"
  resolved "https://registry.yarnpkg.com/turbo-linux-arm64/-/turbo-linux-arm64-1.9.3.tgz#636b77fde17c7a5cdef8a20616ff57f08c785345"
  integrity sha512-vUrNGa3hyDtRh9W0MkO+l1dzP8Co2gKnOVmlJQW0hdpOlWlIh22nHNGGlICg+xFa2f9j4PbQlWTsc22c019s8Q==

turbo-windows-64@1.9.3:
  version "1.9.3"
  resolved "https://registry.yarnpkg.com/turbo-windows-64/-/turbo-windows-64-1.9.3.tgz#c65625c222456161b0b4d000ec7f50e372332825"
  integrity sha512-0BZ7YaHs6r+K4ksqWus1GKK3W45DuDqlmfjm/yuUbTEVc8szmMCs12vugU2Zi5GdrdJSYfoKfEJ/PeegSLIQGQ==

turbo-windows-arm64@1.9.3:
  version "1.9.3"
  resolved "https://registry.yarnpkg.com/turbo-windows-arm64/-/turbo-windows-arm64-1.9.3.tgz#86e105692ad6ba935eff0284522bdf7728a2e517"
  integrity sha512-QJUYLSsxdXOsR1TquiOmLdAgtYcQ/RuSRpScGvnZb1hY0oLc7JWU0llkYB81wVtWs469y8H9O0cxbKwCZGR4RQ==

turbo@^1.4.6:
  version "1.9.3"
  resolved "https://registry.yarnpkg.com/turbo/-/turbo-1.9.3.tgz#911012624f647f98d9788a08e25b98e38cdd48b2"
  integrity sha512-ID7mxmaLUPKG/hVkp+h0VuucB1U99RPCJD9cEuSEOdIPoSIuomcIClEJtKamUsdPLhLCud+BvapBNnhgh58Nzw==
  optionalDependencies:
    turbo-darwin-64 "1.9.3"
    turbo-darwin-arm64 "1.9.3"
    turbo-linux-64 "1.9.3"
    turbo-linux-arm64 "1.9.3"
    turbo-windows-64 "1.9.3"
    turbo-windows-arm64 "1.9.3"

type-fest@^3.1.0:
  version "3.10.0"
  resolved "https://registry.yarnpkg.com/type-fest/-/type-fest-3.10.0.tgz#d75f17a22be8816aea6315ab2739fe1c0c211863"
  integrity sha512-hmAPf1datm+gt3c2mvu0sJyhFy6lTkIGf0GzyaZWxRLnabQfPUqg6tF95RPg6sLxKI7nFLGdFxBcf2/7+GXI+A==
